// !$*UTF8*$!
{
	archiveVersion = 1;
	classes = {
	};
	objectVersion = 46;
	objects = {

/* Begin PBXBuildFile section */
		A22F35C61E22303700DA8990 /* Array+PBExtension.swift in Sources */ = {isa = PBXBuildFile; fileRef = A22F35BE1E22303700DA8990 /* Array+PBExtension.swift */; };
		A22F35C71E22303700DA8990 /* PBCookieStorage.swift in Sources */ = {isa = PBXBuildFile; fileRef = A22F35BF1E22303700DA8990 /* PBCookieStorage.swift */; };
		A22F35C81E22303700DA8990 /* Date+PBExtension.swift in Sources */ = {isa = PBXBuildFile; fileRef = A22F35C01E22303700DA8990 /* Date+PBExtension.swift */; };
		A22F35C91E22303700DA8990 /* PBEnumCount.swift in Sources */ = {isa = PBXBuildFile; fileRef = A22F35C11E22303700DA8990 /* PBEnumCount.swift */; };
		A22F35CA1E22303700DA8990 /* NSMutableData+PBExtension.swift in Sources */ = {isa = PBXBuildFile; fileRef = A22F35C21E22303700DA8990 /* NSMutableData+PBExtension.swift */; };
		A22F35CB1E22303700DA8990 /* PBPlatform.swift in Sources */ = {isa = PBXBuildFile; fileRef = A22F35C31E22303700DA8990 /* PBPlatform.swift */; };
		A22F35CC1E22303700DA8990 /* UIImage+PBExtension.swift in Sources */ = {isa = PBXBuildFile; fileRef = A22F35C41E22303700DA8990 /* UIImage+PBExtension.swift */; };
		A22F35CD1E22303700DA8990 /* UIColor+PBHex.swift in Sources */ = {isa = PBXBuildFile; fileRef = A22F35C51E22303700DA8990 /* UIColor+PBHex.swift */; };
		A22F35CF1E2230FF00DA8990 /* AudioStreamBasicDescription+PBExtension.swift in Sources */ = {isa = PBXBuildFile; fileRef = A22F35CE1E2230FF00DA8990 /* AudioStreamBasicDescription+PBExtension.swift */; };
		A22F35D01E2230FF00DA8990 /* AudioStreamBasicDescription+PBExtension.swift in Sources */ = {isa = PBXBuildFile; fileRef = A22F35CE1E2230FF00DA8990 /* AudioStreamBasicDescription+PBExtension.swift */; };
		A22F35D21E22390500DA8990 /* DateFormatter+PBExtension.swift in Sources */ = {isa = PBXBuildFile; fileRef = A22F35D11E22390500DA8990 /* DateFormatter+PBExtension.swift */; };
		A22F35D31E22390500DA8990 /* DateFormatter+PBExtension.swift in Sources */ = {isa = PBXBuildFile; fileRef = A22F35D11E22390500DA8990 /* DateFormatter+PBExtension.swift */; };
		A22F35D51E2244F800DA8990 /* PBKitTests.swift in Sources */ = {isa = PBXBuildFile; fileRef = A22F35D41E2244F800DA8990 /* PBKitTests.swift */; };
		A22F35D61E2244F800DA8990 /* PBKitTests.swift in Sources */ = {isa = PBXBuildFile; fileRef = A22F35D41E2244F800DA8990 /* PBKitTests.swift */; };
		A22F35D71E22454500DA8990 /* DateFormatter+PBExtension.swift in Sources */ = {isa = PBXBuildFile; fileRef = A22F35D11E22390500DA8990 /* DateFormatter+PBExtension.swift */; };
		A22F35D81E22454A00DA8990 /* Date+PBExtension.swift in Sources */ = {isa = PBXBuildFile; fileRef = A22F35C01E22303700DA8990 /* Date+PBExtension.swift */; };
		A25C7C8D1CA9726900005438 /* PBLogger.swift in Sources */ = {isa = PBXBuildFile; fileRef = A25C7C8C1CA9726900005438 /* PBLogger.swift */; };
		A283EB901E1FE6A000CE79A6 /* PBLoggerTest.swift in Sources */ = {isa = PBXBuildFile; fileRef = A283EB8F1E1FE6A000CE79A6 /* PBLoggerTest.swift */; };
		A283EB9F1E1FE72B00CE79A6 /* PBKit_macOS.framework in Frameworks */ = {isa = PBXBuildFile; fileRef = A283EB961E1FE72B00CE79A6 /* PBKit_macOS.framework */; };
		A283EBA41E1FE72B00CE79A6 /* PBKit_macOSTests.swift in Sources */ = {isa = PBXBuildFile; fileRef = A283EBA31E1FE72B00CE79A6 /* PBKit_macOSTests.swift */; };
		A283EBA61E1FE72B00CE79A6 /* PBKit_macOS.h in Headers */ = {isa = PBXBuildFile; fileRef = A283EB981E1FE72B00CE79A6 /* PBKit_macOS.h */; settings = {ATTRIBUTES = (Public, ); }; };
		A283EBAD1E1FE7EE00CE79A6 /* PBLogger.swift in Sources */ = {isa = PBXBuildFile; fileRef = A25C7C8C1CA9726900005438 /* PBLogger.swift */; };
		A2863C151E2361A400DFC58B /* NSString+PBBase64_Tests.swift in Sources */ = {isa = PBXBuildFile; fileRef = A2863C141E2361A400DFC58B /* NSString+PBBase64_Tests.swift */; };
		A2863C161E2361A400DFC58B /* NSString+PBBase64_Tests.swift in Sources */ = {isa = PBXBuildFile; fileRef = A2863C141E2361A400DFC58B /* NSString+PBBase64_Tests.swift */; };
		A2890EFE1AFB90FF00FA02A6 /* NSString+PBUtils.h in Headers */ = {isa = PBXBuildFile; fileRef = A2890EFC1AFB90FF00FA02A6 /* NSString+PBUtils.h */; settings = {ATTRIBUTES = (Public, ); }; };
		A2890EFF1AFB90FF00FA02A6 /* NSString+PBUtils.m in Sources */ = {isa = PBXBuildFile; fileRef = A2890EFD1AFB90FF00FA02A6 /* NSString+PBUtils.m */; };
		A2A5E3E31AF65E2700EC44A2 /* PBKit.h in Headers */ = {isa = PBXBuildFile; fileRef = A2A5E3E21AF65E2700EC44A2 /* PBKit.h */; settings = {ATTRIBUTES = (Public, ); }; };
		A2A5E3E91AF65E2700EC44A2 /* PBKit.framework in Frameworks */ = {isa = PBXBuildFile; fileRef = A2A5E3DD1AF65E2700EC44A2 /* PBKit.framework */; };
		A2A5E3F01AF65E2700EC44A2 /* PBKitTests.m in Sources */ = {isa = PBXBuildFile; fileRef = A2A5E3EF1AF65E2700EC44A2 /* PBKitTests.m */; };
		A2A5E4131AF65FB300EC44A2 /* NSString+PBBase64.h in Headers */ = {isa = PBXBuildFile; fileRef = A2A5E4111AF65FB300EC44A2 /* NSString+PBBase64.h */; settings = {ATTRIBUTES = (Public, ); }; };
		A2A5E4141AF65FB300EC44A2 /* NSString+PBBase64.m in Sources */ = {isa = PBXBuildFile; fileRef = A2A5E4121AF65FB300EC44A2 /* NSString+PBBase64.m */; };
		A2A5E4161AF661EB00EC44A2 /* PBLogger.h in Headers */ = {isa = PBXBuildFile; fileRef = A2A5E4151AF661EB00EC44A2 /* PBLogger.h */; settings = {ATTRIBUTES = (Public, ); }; };
/* End PBXBuildFile section */

/* Begin PBXContainerItemProxy section */
		A283EBA01E1FE72B00CE79A6 /* PBXContainerItemProxy */ = {
			isa = PBXContainerItemProxy;
			containerPortal = A2A5E3D41AF65E2700EC44A2 /* Project object */;
			proxyType = 1;
			remoteGlobalIDString = A283EB951E1FE72B00CE79A6;
			remoteInfo = "PBKit-macOS";
		};
		A2A5E3EA1AF65E2700EC44A2 /* PBXContainerItemProxy */ = {
			isa = PBXContainerItemProxy;
			containerPortal = A2A5E3D41AF65E2700EC44A2 /* Project object */;
			proxyType = 1;
			remoteGlobalIDString = A2A5E3DC1AF65E2700EC44A2;
			remoteInfo = PBKit;
		};
/* End PBXContainerItemProxy section */

/* Begin PBXFileReference section */
		A22F35BE1E22303700DA8990 /* Array+PBExtension.swift */ = {isa = PBXFileReference; fileEncoding = 4; lastKnownFileType = sourcecode.swift; path = "Array+PBExtension.swift"; sourceTree = "<group>"; };
		A22F35BF1E22303700DA8990 /* PBCookieStorage.swift */ = {isa = PBXFileReference; fileEncoding = 4; lastKnownFileType = sourcecode.swift; path = PBCookieStorage.swift; sourceTree = "<group>"; };
		A22F35C01E22303700DA8990 /* Date+PBExtension.swift */ = {isa = PBXFileReference; fileEncoding = 4; lastKnownFileType = sourcecode.swift; path = "Date+PBExtension.swift"; sourceTree = "<group>"; };
		A22F35C11E22303700DA8990 /* PBEnumCount.swift */ = {isa = PBXFileReference; fileEncoding = 4; lastKnownFileType = sourcecode.swift; path = PBEnumCount.swift; sourceTree = "<group>"; };
		A22F35C21E22303700DA8990 /* NSMutableData+PBExtension.swift */ = {isa = PBXFileReference; fileEncoding = 4; lastKnownFileType = sourcecode.swift; path = "NSMutableData+PBExtension.swift"; sourceTree = "<group>"; };
		A22F35C31E22303700DA8990 /* PBPlatform.swift */ = {isa = PBXFileReference; fileEncoding = 4; lastKnownFileType = sourcecode.swift; path = PBPlatform.swift; sourceTree = "<group>"; };
		A22F35C41E22303700DA8990 /* UIImage+PBExtension.swift */ = {isa = PBXFileReference; fileEncoding = 4; lastKnownFileType = sourcecode.swift; path = "UIImage+PBExtension.swift"; sourceTree = "<group>"; };
		A22F35C51E22303700DA8990 /* UIColor+PBHex.swift */ = {isa = PBXFileReference; fileEncoding = 4; lastKnownFileType = sourcecode.swift; path = "UIColor+PBHex.swift"; sourceTree = "<group>"; };
		A22F35CE1E2230FF00DA8990 /* AudioStreamBasicDescription+PBExtension.swift */ = {isa = PBXFileReference; fileEncoding = 4; lastKnownFileType = sourcecode.swift; path = "AudioStreamBasicDescription+PBExtension.swift"; sourceTree = "<group>"; };
		A22F35D11E22390500DA8990 /* DateFormatter+PBExtension.swift */ = {isa = PBXFileReference; fileEncoding = 4; lastKnownFileType = sourcecode.swift; path = "DateFormatter+PBExtension.swift"; sourceTree = "<group>"; };
		A22F35D41E2244F800DA8990 /* PBKitTests.swift */ = {isa = PBXFileReference; fileEncoding = 4; lastKnownFileType = sourcecode.swift; path = PBKitTests.swift; sourceTree = "<group>"; };
		A25C7C8C1CA9726900005438 /* PBLogger.swift */ = {isa = PBXFileReference; fileEncoding = 4; lastKnownFileType = sourcecode.swift; path = PBLogger.swift; sourceTree = "<group>"; };
		A283EB8E1E1FE6A000CE79A6 /* PBKitTests-Bridging-Header.h */ = {isa = PBXFileReference; lastKnownFileType = sourcecode.c.h; path = "PBKitTests-Bridging-Header.h"; sourceTree = "<group>"; };
		A283EB8F1E1FE6A000CE79A6 /* PBLoggerTest.swift */ = {isa = PBXFileReference; fileEncoding = 4; lastKnownFileType = sourcecode.swift; path = PBLoggerTest.swift; sourceTree = "<group>"; };
		A283EB961E1FE72B00CE79A6 /* PBKit_macOS.framework */ = {isa = PBXFileReference; explicitFileType = wrapper.framework; includeInIndex = 0; path = PBKit_macOS.framework; sourceTree = BUILT_PRODUCTS_DIR; };
		A283EB981E1FE72B00CE79A6 /* PBKit_macOS.h */ = {isa = PBXFileReference; lastKnownFileType = sourcecode.c.h; path = PBKit_macOS.h; sourceTree = "<group>"; };
		A283EB991E1FE72B00CE79A6 /* Info.plist */ = {isa = PBXFileReference; lastKnownFileType = text.plist.xml; path = Info.plist; sourceTree = "<group>"; };
		A283EB9E1E1FE72B00CE79A6 /* PBKit_macOSTests.xctest */ = {isa = PBXFileReference; explicitFileType = wrapper.cfbundle; includeInIndex = 0; path = PBKit_macOSTests.xctest; sourceTree = BUILT_PRODUCTS_DIR; };
		A283EBA31E1FE72B00CE79A6 /* PBKit_macOSTests.swift */ = {isa = PBXFileReference; lastKnownFileType = sourcecode.swift; path = PBKit_macOSTests.swift; sourceTree = "<group>"; };
		A283EBA51E1FE72B00CE79A6 /* Info.plist */ = {isa = PBXFileReference; lastKnownFileType = text.plist.xml; path = Info.plist; sourceTree = "<group>"; };
		A2863C141E2361A400DFC58B /* NSString+PBBase64_Tests.swift */ = {isa = PBXFileReference; fileEncoding = 4; lastKnownFileType = sourcecode.swift; path = "NSString+PBBase64_Tests.swift"; sourceTree = "<group>"; };
		A2890EFC1AFB90FF00FA02A6 /* NSString+PBUtils.h */ = {isa = PBXFileReference; fileEncoding = 4; lastKnownFileType = sourcecode.c.h; path = "NSString+PBUtils.h"; sourceTree = "<group>"; };
		A2890EFD1AFB90FF00FA02A6 /* NSString+PBUtils.m */ = {isa = PBXFileReference; fileEncoding = 4; lastKnownFileType = sourcecode.c.objc; path = "NSString+PBUtils.m"; sourceTree = "<group>"; };
		A2A5E3DD1AF65E2700EC44A2 /* PBKit.framework */ = {isa = PBXFileReference; explicitFileType = wrapper.framework; includeInIndex = 0; path = PBKit.framework; sourceTree = BUILT_PRODUCTS_DIR; };
		A2A5E3E11AF65E2700EC44A2 /* Info.plist */ = {isa = PBXFileReference; lastKnownFileType = text.plist.xml; path = Info.plist; sourceTree = "<group>"; };
		A2A5E3E21AF65E2700EC44A2 /* PBKit.h */ = {isa = PBXFileReference; lastKnownFileType = sourcecode.c.h; path = PBKit.h; sourceTree = "<group>"; };
		A2A5E3E81AF65E2700EC44A2 /* PBKitTests.xctest */ = {isa = PBXFileReference; explicitFileType = wrapper.cfbundle; includeInIndex = 0; path = PBKitTests.xctest; sourceTree = BUILT_PRODUCTS_DIR; };
		A2A5E3EE1AF65E2700EC44A2 /* Info.plist */ = {isa = PBXFileReference; lastKnownFileType = text.plist.xml; path = Info.plist; sourceTree = "<group>"; };
		A2A5E3EF1AF65E2700EC44A2 /* PBKitTests.m */ = {isa = PBXFileReference; lastKnownFileType = sourcecode.c.objc; path = PBKitTests.m; sourceTree = "<group>"; };
		A2A5E4111AF65FB300EC44A2 /* NSString+PBBase64.h */ = {isa = PBXFileReference; fileEncoding = 4; lastKnownFileType = sourcecode.c.h; path = "NSString+PBBase64.h"; sourceTree = "<group>"; };
		A2A5E4121AF65FB300EC44A2 /* NSString+PBBase64.m */ = {isa = PBXFileReference; fileEncoding = 4; lastKnownFileType = sourcecode.c.objc; path = "NSString+PBBase64.m"; sourceTree = "<group>"; };
		A2A5E4151AF661EB00EC44A2 /* PBLogger.h */ = {isa = PBXFileReference; fileEncoding = 4; lastKnownFileType = sourcecode.c.h; path = PBLogger.h; sourceTree = "<group>"; };
/* End PBXFileReference section */

/* Begin PBXFrameworksBuildPhase section */
		A283EB921E1FE72B00CE79A6 /* Frameworks */ = {
			isa = PBXFrameworksBuildPhase;
			buildActionMask = 2147483647;
			files = (
			);
			runOnlyForDeploymentPostprocessing = 0;
		};
		A283EB9B1E1FE72B00CE79A6 /* Frameworks */ = {
			isa = PBXFrameworksBuildPhase;
			buildActionMask = 2147483647;
			files = (
				A283EB9F1E1FE72B00CE79A6 /* PBKit_macOS.framework in Frameworks */,
			);
			runOnlyForDeploymentPostprocessing = 0;
		};
		A2A5E3D91AF65E2700EC44A2 /* Frameworks */ = {
			isa = PBXFrameworksBuildPhase;
			buildActionMask = 2147483647;
			files = (
			);
			runOnlyForDeploymentPostprocessing = 0;
		};
		A2A5E3E51AF65E2700EC44A2 /* Frameworks */ = {
			isa = PBXFrameworksBuildPhase;
			buildActionMask = 2147483647;
			files = (
				A2A5E3E91AF65E2700EC44A2 /* PBKit.framework in Frameworks */,
			);
			runOnlyForDeploymentPostprocessing = 0;
		};
/* End PBXFrameworksBuildPhase section */

/* Begin PBXGroup section */
		A283EB971E1FE72B00CE79A6 /* PBKit_macOS */ = {
			isa = PBXGroup;
			children = (
				A283EB981E1FE72B00CE79A6 /* PBKit_macOS.h */,
				A283EB991E1FE72B00CE79A6 /* Info.plist */,
			);
			name = PBKit_macOS;
			path = "PBKit-macOS";
			sourceTree = "<group>";
		};
		A283EBA21E1FE72B00CE79A6 /* PBKit-macOSTests */ = {
			isa = PBXGroup;
			children = (
				A283EBA31E1FE72B00CE79A6 /* PBKit_macOSTests.swift */,
				A283EBA51E1FE72B00CE79A6 /* Info.plist */,
			);
			path = "PBKit-macOSTests";
			sourceTree = "<group>";
		};
		A2A5E3D31AF65E2700EC44A2 = {
			isa = PBXGroup;
			children = (
				A2A5E3DF1AF65E2700EC44A2 /* PBKit */,
				A2A5E3EC1AF65E2700EC44A2 /* PBKitTests */,
				A283EB971E1FE72B00CE79A6 /* PBKit_macOS */,
				A283EBA21E1FE72B00CE79A6 /* PBKit-macOSTests */,
				A2A5E3DE1AF65E2700EC44A2 /* Products */,
			);
			sourceTree = "<group>";
		};
		A2A5E3DE1AF65E2700EC44A2 /* Products */ = {
			isa = PBXGroup;
			children = (
				A2A5E3DD1AF65E2700EC44A2 /* PBKit.framework */,
				A2A5E3E81AF65E2700EC44A2 /* PBKitTests.xctest */,
				A283EB961E1FE72B00CE79A6 /* PBKit_macOS.framework */,
				A283EB9E1E1FE72B00CE79A6 /* PBKit_macOSTests.xctest */,
			);
			name = Products;
			sourceTree = "<group>";
		};
		A2A5E3DF1AF65E2700EC44A2 /* PBKit */ = {
			isa = PBXGroup;
			children = (
				A22F35BE1E22303700DA8990 /* Array+PBExtension.swift */,
				A22F35CE1E2230FF00DA8990 /* AudioStreamBasicDescription+PBExtension.swift */,
				A22F35C01E22303700DA8990 /* Date+PBExtension.swift */,
				A22F35D11E22390500DA8990 /* DateFormatter+PBExtension.swift */,
				A22F35C21E22303700DA8990 /* NSMutableData+PBExtension.swift */,
				A2A5E4111AF65FB300EC44A2 /* NSString+PBBase64.h */,
				A2A5E4121AF65FB300EC44A2 /* NSString+PBBase64.m */,
				A2890EFC1AFB90FF00FA02A6 /* NSString+PBUtils.h */,
				A2890EFD1AFB90FF00FA02A6 /* NSString+PBUtils.m */,
				A22F35BF1E22303700DA8990 /* PBCookieStorage.swift */,
				A22F35C11E22303700DA8990 /* PBEnumCount.swift */,
				A2A5E3E21AF65E2700EC44A2 /* PBKit.h */,
				A2A5E4151AF661EB00EC44A2 /* PBLogger.h */,
				A25C7C8C1CA9726900005438 /* PBLogger.swift */,
				A22F35C31E22303700DA8990 /* PBPlatform.swift */,
				A2A5E3E01AF65E2700EC44A2 /* Supporting Files */,
				A22F35C51E22303700DA8990 /* UIColor+PBHex.swift */,
				A22F35C41E22303700DA8990 /* UIImage+PBExtension.swift */,
			);
			path = PBKit;
			sourceTree = "<group>";
		};
		A2A5E3E01AF65E2700EC44A2 /* Supporting Files */ = {
			isa = PBXGroup;
			children = (
				A2A5E3E11AF65E2700EC44A2 /* Info.plist */,
			);
			name = "Supporting Files";
			sourceTree = "<group>";
		};
		A2A5E3EC1AF65E2700EC44A2 /* PBKitTests */ = {
			isa = PBXGroup;
			children = (
				A2A5E3EF1AF65E2700EC44A2 /* PBKitTests.m */,
				A22F35D41E2244F800DA8990 /* PBKitTests.swift */,
				A2A5E3ED1AF65E2700EC44A2 /* Supporting Files */,
				A283EB8F1E1FE6A000CE79A6 /* PBLoggerTest.swift */,
				A283EB8E1E1FE6A000CE79A6 /* PBKitTests-Bridging-Header.h */,
				A2863C141E2361A400DFC58B /* NSString+PBBase64_Tests.swift */,
			);
			path = PBKitTests;
			sourceTree = "<group>";
		};
		A2A5E3ED1AF65E2700EC44A2 /* Supporting Files */ = {
			isa = PBXGroup;
			children = (
				A2A5E3EE1AF65E2700EC44A2 /* Info.plist */,
			);
			name = "Supporting Files";
			sourceTree = "<group>";
		};
/* End PBXGroup section */

/* Begin PBXHeadersBuildPhase section */
		A283EB931E1FE72B00CE79A6 /* Headers */ = {
			isa = PBXHeadersBuildPhase;
			buildActionMask = 2147483647;
			files = (
				A283EBA61E1FE72B00CE79A6 /* PBKit_macOS.h in Headers */,
			);
			runOnlyForDeploymentPostprocessing = 0;
		};
		A2A5E3DA1AF65E2700EC44A2 /* Headers */ = {
			isa = PBXHeadersBuildPhase;
			buildActionMask = 2147483647;
			files = (
				A2A5E4131AF65FB300EC44A2 /* NSString+PBBase64.h in Headers */,
				A2A5E4161AF661EB00EC44A2 /* PBLogger.h in Headers */,
				A2890EFE1AFB90FF00FA02A6 /* NSString+PBUtils.h in Headers */,
				A2A5E3E31AF65E2700EC44A2 /* PBKit.h in Headers */,
			);
			runOnlyForDeploymentPostprocessing = 0;
		};
/* End PBXHeadersBuildPhase section */

/* Begin PBXNativeTarget section */
		A283EB951E1FE72B00CE79A6 /* PBKit_macOS */ = {
			isa = PBXNativeTarget;
			buildConfigurationList = A283EBA71E1FE72B00CE79A6 /* Build configuration list for PBXNativeTarget "PBKit_macOS" */;
			buildPhases = (
				A283EB911E1FE72B00CE79A6 /* Sources */,
				A283EB921E1FE72B00CE79A6 /* Frameworks */,
				A283EB931E1FE72B00CE79A6 /* Headers */,
				A283EB941E1FE72B00CE79A6 /* Resources */,
			);
			buildRules = (
			);
			dependencies = (
			);
			name = PBKit_macOS;
			productName = "PBKit-macOS";
			productReference = A283EB961E1FE72B00CE79A6 /* PBKit_macOS.framework */;
			productType = "com.apple.product-type.framework";
		};
		A283EB9D1E1FE72B00CE79A6 /* PBKit_macOSTests */ = {
			isa = PBXNativeTarget;
			buildConfigurationList = A283EBAA1E1FE72B00CE79A6 /* Build configuration list for PBXNativeTarget "PBKit_macOSTests" */;
			buildPhases = (
				A283EB9A1E1FE72B00CE79A6 /* Sources */,
				A283EB9B1E1FE72B00CE79A6 /* Frameworks */,
				A283EB9C1E1FE72B00CE79A6 /* Resources */,
			);
			buildRules = (
			);
			dependencies = (
				A283EBA11E1FE72B00CE79A6 /* PBXTargetDependency */,
			);
			name = PBKit_macOSTests;
			productName = "PBKit-macOSTests";
			productReference = A283EB9E1E1FE72B00CE79A6 /* PBKit_macOSTests.xctest */;
			productType = "com.apple.product-type.bundle.unit-test";
		};
		A2A5E3DC1AF65E2700EC44A2 /* PBKit */ = {
			isa = PBXNativeTarget;
			buildConfigurationList = A2A5E3F31AF65E2700EC44A2 /* Build configuration list for PBXNativeTarget "PBKit" */;
			buildPhases = (
				A2A5E3D81AF65E2700EC44A2 /* Sources */,
				A2A5E3D91AF65E2700EC44A2 /* Frameworks */,
				A2A5E3DA1AF65E2700EC44A2 /* Headers */,
				A2A5E3DB1AF65E2700EC44A2 /* Resources */,
			);
			buildRules = (
			);
			dependencies = (
			);
			name = PBKit;
			productName = PBKit;
			productReference = A2A5E3DD1AF65E2700EC44A2 /* PBKit.framework */;
			productType = "com.apple.product-type.framework";
		};
		A2A5E3E71AF65E2700EC44A2 /* PBKitTests */ = {
			isa = PBXNativeTarget;
			buildConfigurationList = A2A5E3F61AF65E2700EC44A2 /* Build configuration list for PBXNativeTarget "PBKitTests" */;
			buildPhases = (
				A2A5E3E41AF65E2700EC44A2 /* Sources */,
				A2A5E3E51AF65E2700EC44A2 /* Frameworks */,
				A2A5E3E61AF65E2700EC44A2 /* Resources */,
			);
			buildRules = (
			);
			dependencies = (
				A2A5E3EB1AF65E2700EC44A2 /* PBXTargetDependency */,
			);
			name = PBKitTests;
			productName = PBKitTests;
			productReference = A2A5E3E81AF65E2700EC44A2 /* PBKitTests.xctest */;
			productType = "com.apple.product-type.bundle.unit-test";
		};
/* End PBXNativeTarget section */

/* Begin PBXProject section */
		A2A5E3D41AF65E2700EC44A2 /* Project object */ = {
			isa = PBXProject;
			attributes = {
				LastSwiftUpdateCheck = 0820;
				LastUpgradeCheck = 0720;
				ORGANIZATIONNAME = pebble8888;
				TargetAttributes = {
					A283EB951E1FE72B00CE79A6 = {
						CreatedOnToolsVersion = 8.2.1;
						ProvisioningStyle = Automatic;
					};
					A283EB9D1E1FE72B00CE79A6 = {
						CreatedOnToolsVersion = 8.2.1;
						ProvisioningStyle = Automatic;
					};
					A2A5E3DC1AF65E2700EC44A2 = {
						CreatedOnToolsVersion = 6.3.1;
						LastSwiftMigration = 0820;
					};
					A2A5E3E71AF65E2700EC44A2 = {
						CreatedOnToolsVersion = 6.3.1;
						LastSwiftMigration = 0820;
					};
				};
			};
			buildConfigurationList = A2A5E3D71AF65E2700EC44A2 /* Build configuration list for PBXProject "PBKit" */;
			compatibilityVersion = "Xcode 3.2";
			developmentRegion = English;
			hasScannedForEncodings = 0;
			knownRegions = (
				en,
			);
			mainGroup = A2A5E3D31AF65E2700EC44A2;
			productRefGroup = A2A5E3DE1AF65E2700EC44A2 /* Products */;
			projectDirPath = "";
			projectRoot = "";
			targets = (
				A2A5E3DC1AF65E2700EC44A2 /* PBKit */,
				A2A5E3E71AF65E2700EC44A2 /* PBKitTests */,
				A283EB951E1FE72B00CE79A6 /* PBKit_macOS */,
				A283EB9D1E1FE72B00CE79A6 /* PBKit_macOSTests */,
			);
		};
/* End PBXProject section */

/* Begin PBXResourcesBuildPhase section */
		A283EB941E1FE72B00CE79A6 /* Resources */ = {
			isa = PBXResourcesBuildPhase;
			buildActionMask = 2147483647;
			files = (
			);
			runOnlyForDeploymentPostprocessing = 0;
		};
		A283EB9C1E1FE72B00CE79A6 /* Resources */ = {
			isa = PBXResourcesBuildPhase;
			buildActionMask = 2147483647;
			files = (
			);
			runOnlyForDeploymentPostprocessing = 0;
		};
		A2A5E3DB1AF65E2700EC44A2 /* Resources */ = {
			isa = PBXResourcesBuildPhase;
			buildActionMask = 2147483647;
			files = (
			);
			runOnlyForDeploymentPostprocessing = 0;
		};
		A2A5E3E61AF65E2700EC44A2 /* Resources */ = {
			isa = PBXResourcesBuildPhase;
			buildActionMask = 2147483647;
			files = (
			);
			runOnlyForDeploymentPostprocessing = 0;
		};
/* End PBXResourcesBuildPhase section */

/* Begin PBXSourcesBuildPhase section */
		A283EB911E1FE72B00CE79A6 /* Sources */ = {
			isa = PBXSourcesBuildPhase;
			buildActionMask = 2147483647;
			files = (
				A22F35D31E22390500DA8990 /* DateFormatter+PBExtension.swift in Sources */,
				A22F35D01E2230FF00DA8990 /* AudioStreamBasicDescription+PBExtension.swift in Sources */,
				A283EBAD1E1FE7EE00CE79A6 /* PBLogger.swift in Sources */,
			);
			runOnlyForDeploymentPostprocessing = 0;
		};
		A283EB9A1E1FE72B00CE79A6 /* Sources */ = {
			isa = PBXSourcesBuildPhase;
			buildActionMask = 2147483647;
			files = (
				A22F35D61E2244F800DA8990 /* PBKitTests.swift in Sources */,
				A283EBA41E1FE72B00CE79A6 /* PBKit_macOSTests.swift in Sources */,
				A2863C161E2361A400DFC58B /* NSString+PBBase64_Tests.swift in Sources */,
			);
			runOnlyForDeploymentPostprocessing = 0;
		};
		A2A5E3D81AF65E2700EC44A2 /* Sources */ = {
			isa = PBXSourcesBuildPhase;
			buildActionMask = 2147483647;
			files = (
				A22F35B71E222F1B00DA8990 /* PBCookieStorage.swift in Sources */,
				A22F35BC1E222F1B00DA8990 /* PBUIImage.swift in Sources */,
				A22F35BD1E222F1B00DA8990 /* UIColor+PBHex.swift in Sources */,
				A22F35BB1E222F1B00DA8990 /* PBPlatform.swift in Sources */,
				A2A5E4141AF65FB300EC44A2 /* NSString+PBBase64.m in Sources */,
				A22F35CF1E2230FF00DA8990 /* AudioStreamBasicDescription+PBExtension.swift in Sources */,
				A2890EFF1AFB90FF00FA02A6 /* NSString+PBUtils.m in Sources */,
				A22F35D21E22390500DA8990 /* DateFormatter+PBExtension.swift in Sources */,
				A22F35CC1E22303700DA8990 /* UIImage+PBExtension.swift in Sources */,
				A22F35C81E22303700DA8990 /* Date+PBExtension.swift in Sources */,
				A22F35CA1E22303700DA8990 /* NSMutableData+PBExtension.swift in Sources */,
				A25C7C8D1CA9726900005438 /* PBLogger.swift in Sources */,
				A22F35C71E22303700DA8990 /* PBCookieStorage.swift in Sources */,
				A22F35CD1E22303700DA8990 /* UIColor+PBHex.swift in Sources */,
				A22F35CB1E22303700DA8990 /* PBPlatform.swift in Sources */,
				A22F35C61E22303700DA8990 /* Array+PBExtension.swift in Sources */,
				A22F35C91E22303700DA8990 /* PBEnumCount.swift in Sources */,
			);
			runOnlyForDeploymentPostprocessing = 0;
		};
		A2A5E3E41AF65E2700EC44A2 /* Sources */ = {
			isa = PBXSourcesBuildPhase;
			buildActionMask = 2147483647;
			files = (
				A22F35D81E22454A00DA8990 /* Date+PBExtension.swift in Sources */,
				A22F35D71E22454500DA8990 /* DateFormatter+PBExtension.swift in Sources */,
				A2863C151E2361A400DFC58B /* NSString+PBBase64_Tests.swift in Sources */,
				A2A5E3F01AF65E2700EC44A2 /* PBKitTests.m in Sources */,
				A283EB901E1FE6A000CE79A6 /* PBLoggerTest.swift in Sources */,
				A22F35D51E2244F800DA8990 /* PBKitTests.swift in Sources */,
			);
			runOnlyForDeploymentPostprocessing = 0;
		};
/* End PBXSourcesBuildPhase section */

/* Begin PBXTargetDependency section */
		A283EBA11E1FE72B00CE79A6 /* PBXTargetDependency */ = {
			isa = PBXTargetDependency;
			target = A283EB951E1FE72B00CE79A6 /* PBKit_macOS */;
			targetProxy = A283EBA01E1FE72B00CE79A6 /* PBXContainerItemProxy */;
		};
		A2A5E3EB1AF65E2700EC44A2 /* PBXTargetDependency */ = {
			isa = PBXTargetDependency;
			target = A2A5E3DC1AF65E2700EC44A2 /* PBKit */;
			targetProxy = A2A5E3EA1AF65E2700EC44A2 /* PBXContainerItemProxy */;
		};
/* End PBXTargetDependency section */

/* Begin XCBuildConfiguration section */
		A283EBA81E1FE72B00CE79A6 /* Debug */ = {
			isa = XCBuildConfiguration;
			buildSettings = {
				CLANG_ANALYZER_NONNULL = YES;
				CLANG_WARN_DOCUMENTATION_COMMENTS = YES;
				CLANG_WARN_INFINITE_RECURSION = YES;
				CLANG_WARN_SUSPICIOUS_MOVE = YES;
				CODE_SIGN_IDENTITY = "-";
				COMBINE_HIDPI_IMAGES = YES;
				DEBUG_INFORMATION_FORMAT = dwarf;
				DEFINES_MODULE = YES;
				DYLIB_COMPATIBILITY_VERSION = 1;
				DYLIB_CURRENT_VERSION = 1;
				DYLIB_INSTALL_NAME_BASE = "@rpath";
				FRAMEWORK_VERSION = A;
				INFOPLIST_FILE = "PBKit-macOS/Info.plist";
				INSTALL_PATH = "$(LOCAL_LIBRARY_DIR)/Frameworks";
				LD_RUNPATH_SEARCH_PATHS = "$(inherited) @executable_path/../Frameworks @loader_path/Frameworks";
				MACOSX_DEPLOYMENT_TARGET = 10.12;
				PRODUCT_BUNDLE_IDENTIFIER = "pebble8888.PBKit-macOS";
				PRODUCT_NAME = "$(TARGET_NAME)";
				SDKROOT = macosx;
				SKIP_INSTALL = YES;
				SWIFT_ACTIVE_COMPILATION_CONDITIONS = DEBUG;
				SWIFT_OPTIMIZATION_LEVEL = "-Onone";
				SWIFT_VERSION = 3.0;
			};
			name = Debug;
		};
		A283EBA91E1FE72B00CE79A6 /* Release */ = {
			isa = XCBuildConfiguration;
			buildSettings = {
				CLANG_ANALYZER_NONNULL = YES;
				CLANG_WARN_DOCUMENTATION_COMMENTS = YES;
				CLANG_WARN_INFINITE_RECURSION = YES;
				CLANG_WARN_SUSPICIOUS_MOVE = YES;
				CODE_SIGN_IDENTITY = "-";
				COMBINE_HIDPI_IMAGES = YES;
				DEFINES_MODULE = YES;
				DYLIB_COMPATIBILITY_VERSION = 1;
				DYLIB_CURRENT_VERSION = 1;
				DYLIB_INSTALL_NAME_BASE = "@rpath";
				FRAMEWORK_VERSION = A;
				INFOPLIST_FILE = "PBKit-macOS/Info.plist";
				INSTALL_PATH = "$(LOCAL_LIBRARY_DIR)/Frameworks";
				LD_RUNPATH_SEARCH_PATHS = "$(inherited) @executable_path/../Frameworks @loader_path/Frameworks";
				MACOSX_DEPLOYMENT_TARGET = 10.12;
				PRODUCT_BUNDLE_IDENTIFIER = "pebble8888.PBKit-macOS";
				PRODUCT_NAME = "$(TARGET_NAME)";
				SDKROOT = macosx;
				SKIP_INSTALL = YES;
				SWIFT_OPTIMIZATION_LEVEL = "-Owholemodule";
				SWIFT_VERSION = 3.0;
			};
			name = Release;
		};
		A283EBAB1E1FE72B00CE79A6 /* Debug */ = {
			isa = XCBuildConfiguration;
			buildSettings = {
				ALWAYS_EMBED_SWIFT_STANDARD_LIBRARIES = YES;
				CLANG_ANALYZER_NONNULL = YES;
				CLANG_WARN_DOCUMENTATION_COMMENTS = YES;
				CLANG_WARN_INFINITE_RECURSION = YES;
				CLANG_WARN_SUSPICIOUS_MOVE = YES;
				CODE_SIGN_IDENTITY = "-";
				COMBINE_HIDPI_IMAGES = YES;
				DEBUG_INFORMATION_FORMAT = dwarf;
				INFOPLIST_FILE = "PBKit-macOSTests/Info.plist";
				LD_RUNPATH_SEARCH_PATHS = "$(inherited) @executable_path/../Frameworks @loader_path/../Frameworks";
				MACOSX_DEPLOYMENT_TARGET = 10.12;
				PRODUCT_BUNDLE_IDENTIFIER = "pebble8888.PBKit-macOSTests";
				PRODUCT_NAME = "$(TARGET_NAME)";
				SDKROOT = macosx;
				SWIFT_ACTIVE_COMPILATION_CONDITIONS = DEBUG;
				SWIFT_OPTIMIZATION_LEVEL = "-Onone";
				SWIFT_VERSION = 3.0;
			};
			name = Debug;
		};
		A283EBAC1E1FE72B00CE79A6 /* Release */ = {
			isa = XCBuildConfiguration;
			buildSettings = {
				ALWAYS_EMBED_SWIFT_STANDARD_LIBRARIES = YES;
				CLANG_ANALYZER_NONNULL = YES;
				CLANG_WARN_DOCUMENTATION_COMMENTS = YES;
				CLANG_WARN_INFINITE_RECURSION = YES;
				CLANG_WARN_SUSPICIOUS_MOVE = YES;
				CODE_SIGN_IDENTITY = "-";
				COMBINE_HIDPI_IMAGES = YES;
				INFOPLIST_FILE = "PBKit-macOSTests/Info.plist";
				LD_RUNPATH_SEARCH_PATHS = "$(inherited) @executable_path/../Frameworks @loader_path/../Frameworks";
				MACOSX_DEPLOYMENT_TARGET = 10.12;
				PRODUCT_BUNDLE_IDENTIFIER = "pebble8888.PBKit-macOSTests";
				PRODUCT_NAME = "$(TARGET_NAME)";
				SDKROOT = macosx;
				SWIFT_OPTIMIZATION_LEVEL = "-Owholemodule";
				SWIFT_VERSION = 3.0;
			};
			name = Release;
		};
		A2A5E3F11AF65E2700EC44A2 /* Debug */ = {
			isa = XCBuildConfiguration;
			buildSettings = {
				ALWAYS_SEARCH_USER_PATHS = NO;
				CLANG_CXX_LANGUAGE_STANDARD = "gnu++0x";
				CLANG_CXX_LIBRARY = "libc++";
				CLANG_ENABLE_MODULES = YES;
				CLANG_ENABLE_OBJC_ARC = YES;
				CLANG_WARN_BOOL_CONVERSION = YES;
				CLANG_WARN_CONSTANT_CONVERSION = YES;
				CLANG_WARN_DIRECT_OBJC_ISA_USAGE = YES_ERROR;
				CLANG_WARN_EMPTY_BODY = YES;
				CLANG_WARN_ENUM_CONVERSION = YES;
				CLANG_WARN_INT_CONVERSION = YES;
				CLANG_WARN_OBJC_ROOT_CLASS = YES_ERROR;
				CLANG_WARN_UNREACHABLE_CODE = YES;
				CLANG_WARN__DUPLICATE_METHOD_MATCH = YES;
				"CODE_SIGN_IDENTITY[sdk=iphoneos*]" = "iPhone Developer";
				COPY_PHASE_STRIP = NO;
				CURRENT_PROJECT_VERSION = 1;
				DEBUG_INFORMATION_FORMAT = "dwarf-with-dsym";
				ENABLE_STRICT_OBJC_MSGSEND = YES;
				ENABLE_TESTABILITY = YES;
				GCC_C_LANGUAGE_STANDARD = gnu99;
				GCC_DYNAMIC_NO_PIC = NO;
				GCC_NO_COMMON_BLOCKS = YES;
				GCC_OPTIMIZATION_LEVEL = 0;
				GCC_PREPROCESSOR_DEFINITIONS = (
					"DEBUG=1",
					"$(inherited)",
				);
				GCC_SYMBOLS_PRIVATE_EXTERN = NO;
				GCC_WARN_64_TO_32_BIT_CONVERSION = YES;
				GCC_WARN_ABOUT_RETURN_TYPE = YES_ERROR;
				GCC_WARN_UNDECLARED_SELECTOR = YES;
				GCC_WARN_UNINITIALIZED_AUTOS = YES_AGGRESSIVE;
				GCC_WARN_UNUSED_FUNCTION = YES;
				GCC_WARN_UNUSED_VARIABLE = YES;
				IPHONEOS_DEPLOYMENT_TARGET = 8.0;
				MTL_ENABLE_DEBUG_INFO = YES;
				ONLY_ACTIVE_ARCH = YES;
				SDKROOT = iphoneos;
				TARGETED_DEVICE_FAMILY = "1,2";
				VERSIONING_SYSTEM = "apple-generic";
				VERSION_INFO_PREFIX = "";
			};
			name = Debug;
		};
		A2A5E3F21AF65E2700EC44A2 /* Release */ = {
			isa = XCBuildConfiguration;
			buildSettings = {
				ALWAYS_SEARCH_USER_PATHS = NO;
				CLANG_CXX_LANGUAGE_STANDARD = "gnu++0x";
				CLANG_CXX_LIBRARY = "libc++";
				CLANG_ENABLE_MODULES = YES;
				CLANG_ENABLE_OBJC_ARC = YES;
				CLANG_WARN_BOOL_CONVERSION = YES;
				CLANG_WARN_CONSTANT_CONVERSION = YES;
				CLANG_WARN_DIRECT_OBJC_ISA_USAGE = YES_ERROR;
				CLANG_WARN_EMPTY_BODY = YES;
				CLANG_WARN_ENUM_CONVERSION = YES;
				CLANG_WARN_INT_CONVERSION = YES;
				CLANG_WARN_OBJC_ROOT_CLASS = YES_ERROR;
				CLANG_WARN_UNREACHABLE_CODE = YES;
				CLANG_WARN__DUPLICATE_METHOD_MATCH = YES;
				"CODE_SIGN_IDENTITY[sdk=iphoneos*]" = "iPhone Developer";
				COPY_PHASE_STRIP = NO;
				CURRENT_PROJECT_VERSION = 1;
				DEBUG_INFORMATION_FORMAT = "dwarf-with-dsym";
				ENABLE_NS_ASSERTIONS = NO;
				ENABLE_STRICT_OBJC_MSGSEND = YES;
				GCC_C_LANGUAGE_STANDARD = gnu99;
				GCC_NO_COMMON_BLOCKS = YES;
				GCC_WARN_64_TO_32_BIT_CONVERSION = YES;
				GCC_WARN_ABOUT_RETURN_TYPE = YES_ERROR;
				GCC_WARN_UNDECLARED_SELECTOR = YES;
				GCC_WARN_UNINITIALIZED_AUTOS = YES_AGGRESSIVE;
				GCC_WARN_UNUSED_FUNCTION = YES;
				GCC_WARN_UNUSED_VARIABLE = YES;
				IPHONEOS_DEPLOYMENT_TARGET = 8.0;
				MTL_ENABLE_DEBUG_INFO = NO;
				SDKROOT = iphoneos;
				TARGETED_DEVICE_FAMILY = "1,2";
				VALIDATE_PRODUCT = YES;
				VERSIONING_SYSTEM = "apple-generic";
				VERSION_INFO_PREFIX = "";
			};
			name = Release;
		};
		A2A5E3F41AF65E2700EC44A2 /* Debug */ = {
			isa = XCBuildConfiguration;
			buildSettings = {
				CLANG_ENABLE_MODULES = YES;
				DEFINES_MODULE = YES;
				DYLIB_COMPATIBILITY_VERSION = 1;
				DYLIB_CURRENT_VERSION = 1;
				DYLIB_INSTALL_NAME_BASE = "@rpath";
				INFOPLIST_FILE = PBKit/Info.plist;
				INSTALL_PATH = "$(LOCAL_LIBRARY_DIR)/Frameworks";
				LD_RUNPATH_SEARCH_PATHS = "$(inherited) @executable_path/Frameworks @loader_path/Frameworks";
				MACH_O_TYPE = mh_dylib;
				PRODUCT_BUNDLE_IDENTIFIER = "pebble.$(PRODUCT_NAME:rfc1034identifier)";
				PRODUCT_NAME = "$(TARGET_NAME)";
				SKIP_INSTALL = YES;
				SWIFT_OPTIMIZATION_LEVEL = "-Onone";
				SWIFT_VERSION = 3.0;
			};
			name = Debug;
		};
		A2A5E3F51AF65E2700EC44A2 /* Release */ = {
			isa = XCBuildConfiguration;
			buildSettings = {
				CLANG_ENABLE_MODULES = YES;
				DEFINES_MODULE = YES;
				DYLIB_COMPATIBILITY_VERSION = 1;
				DYLIB_CURRENT_VERSION = 1;
				DYLIB_INSTALL_NAME_BASE = "@rpath";
				INFOPLIST_FILE = PBKit/Info.plist;
				INSTALL_PATH = "$(LOCAL_LIBRARY_DIR)/Frameworks";
				LD_RUNPATH_SEARCH_PATHS = "$(inherited) @executable_path/Frameworks @loader_path/Frameworks";
				MACH_O_TYPE = mh_dylib;
				PRODUCT_BUNDLE_IDENTIFIER = "pebble.$(PRODUCT_NAME:rfc1034identifier)";
				PRODUCT_NAME = "$(TARGET_NAME)";
				SKIP_INSTALL = YES;
				SWIFT_VERSION = 3.0;
			};
			name = Release;
		};
		A2A5E3F71AF65E2700EC44A2 /* Debug */ = {
			isa = XCBuildConfiguration;
			buildSettings = {
				CLANG_ENABLE_MODULES = YES;
				FRAMEWORK_SEARCH_PATHS = (
					"$(SDKROOT)/Developer/Library/Frameworks",
					"$(inherited)",
				);
				GCC_PREPROCESSOR_DEFINITIONS = (
					"DEBUG=1",
					"$(inherited)",
				);
				INFOPLIST_FILE = PBKitTests/Info.plist;
				LD_RUNPATH_SEARCH_PATHS = "$(inherited) @executable_path/Frameworks @loader_path/Frameworks";
				PRODUCT_BUNDLE_IDENTIFIER = "pebble.$(PRODUCT_NAME:rfc1034identifier)";
				PRODUCT_NAME = "$(TARGET_NAME)";
				SWIFT_OBJC_BRIDGING_HEADER = "PBKitTests/PBKitTests-Bridging-Header.h";
				SWIFT_OPTIMIZATION_LEVEL = "-Onone";
				SWIFT_VERSION = 3.0;
			};
			name = Debug;
		};
		A2A5E3F81AF65E2700EC44A2 /* Release */ = {
			isa = XCBuildConfiguration;
			buildSettings = {
				CLANG_ENABLE_MODULES = YES;
				FRAMEWORK_SEARCH_PATHS = (
					"$(SDKROOT)/Developer/Library/Frameworks",
					"$(inherited)",
				);
				INFOPLIST_FILE = PBKitTests/Info.plist;
				LD_RUNPATH_SEARCH_PATHS = "$(inherited) @executable_path/Frameworks @loader_path/Frameworks";
				PRODUCT_BUNDLE_IDENTIFIER = "pebble.$(PRODUCT_NAME:rfc1034identifier)";
				PRODUCT_NAME = "$(TARGET_NAME)";
				SWIFT_OBJC_BRIDGING_HEADER = "PBKitTests/PBKitTests-Bridging-Header.h";
				SWIFT_VERSION = 3.0;
			};
			name = Release;
		};
/* End XCBuildConfiguration section */

/* Begin XCConfigurationList section */
		A283EBA71E1FE72B00CE79A6 /* Build configuration list for PBXNativeTarget "PBKit_macOS" */ = {
			isa = XCConfigurationList;
			buildConfigurations = (
				A283EBA81E1FE72B00CE79A6 /* Debug */,
				A283EBA91E1FE72B00CE79A6 /* Release */,
			);
			defaultConfigurationIsVisible = 0;
			defaultConfigurationName = Release;
		};
		A283EBAA1E1FE72B00CE79A6 /* Build configuration list for PBXNativeTarget "PBKit_macOSTests" */ = {
			isa = XCConfigurationList;
			buildConfigurations = (
				A283EBAB1E1FE72B00CE79A6 /* Debug */,
				A283EBAC1E1FE72B00CE79A6 /* Release */,
			);
			defaultConfigurationIsVisible = 0;
			defaultConfigurationName = Release;
		};
		A2A5E3D71AF65E2700EC44A2 /* Build configuration list for PBXProject "PBKit" */ = {
			isa = XCConfigurationList;
			buildConfigurations = (
				A2A5E3F11AF65E2700EC44A2 /* Debug */,
				A2A5E3F21AF65E2700EC44A2 /* Release */,
			);
			defaultConfigurationIsVisible = 0;
			defaultConfigurationName = Release;
		};
		A2A5E3F31AF65E2700EC44A2 /* Build configuration list for PBXNativeTarget "PBKit" */ = {
			isa = XCConfigurationList;
			buildConfigurations = (
				A2A5E3F41AF65E2700EC44A2 /* Debug */,
				A2A5E3F51AF65E2700EC44A2 /* Release */,
			);
			defaultConfigurationIsVisible = 0;
			defaultConfigurationName = Release;
		};
		A2A5E3F61AF65E2700EC44A2 /* Build configuration list for PBXNativeTarget "PBKitTests" */ = {
			isa = XCConfigurationList;
			buildConfigurations = (
				A2A5E3F71AF65E2700EC44A2 /* Debug */,
				A2A5E3F81AF65E2700EC44A2 /* Release */,
			);
			defaultConfigurationIsVisible = 0;
			defaultConfigurationName = Release;
		};
/* End XCConfigurationList section */
	};
	rootObject = A2A5E3D41AF65E2700EC44A2 /* Project object */;
}
